// !$*UTF8*$!
{
	archiveVersion = 1;
	classes = {
	};
	objectVersion = 50;
	objects = {

/* Begin PBXBuildFile section */
		C246FA8E24591D0A00074DEB /* acorr.cpp in Sources */ = {isa = PBXBuildFile; fileRef = C246FA8824591D0900074DEB /* acorr.cpp */; };
		C246FA8F24591D0A00074DEB /* wtime.c in Sources */ = {isa = PBXBuildFile; fileRef = C246FA8A24591D0A00074DEB /* wtime.c */; };
		C246FA9024591D0A00074DEB /* acorr.cl in Sources */ = {isa = PBXBuildFile; fileRef = C246FA8C24591D0A00074DEB /* acorr.cl */; };
/* End PBXBuildFile section */

/* Begin PBXCopyFilesBuildPhase section */
		C246FA7B24591BCC00074DEB /* CopyFiles */ = {
			isa = PBXCopyFilesBuildPhase;
			buildActionMask = 2147483647;
			dstPath = /usr/share/man/man1/;
			dstSubfolderSpec = 0;
			files = (
			);
			runOnlyForDeploymentPostprocessing = 1;
		};
/* End PBXCopyFilesBuildPhase section */

/* Begin PBXFileReference section */
		C246FA7D24591BCC00074DEB /* AutoCorrelatioinBench */ = {isa = PBXFileReference; explicitFileType = "compiled.mach-o.executable"; includeInIndex = 0; path = AutoCorrelatioinBench; sourceTree = BUILT_PRODUCTS_DIR; };
		C246FA8724591D0900074DEB /* CMakeLists.txt */ = {isa = PBXFileReference; fileEncoding = 4; lastKnownFileType = text; path = CMakeLists.txt; sourceTree = "<group>"; };
		C246FA8824591D0900074DEB /* acorr.cpp */ = {isa = PBXFileReference; fileEncoding = 4; lastKnownFileType = sourcecode.cpp.cpp; path = acorr.cpp; sourceTree = "<group>"; };
		C246FA8924591D0900074DEB /* util.hpp */ = {isa = PBXFileReference; fileEncoding = 4; lastKnownFileType = sourcecode.cpp.h; path = util.hpp; sourceTree = "<group>"; };
		C246FA8A24591D0A00074DEB /* wtime.c */ = {isa = PBXFileReference; fileEncoding = 4; lastKnownFileType = sourcecode.c.c; path = wtime.c; sourceTree = "<group>"; };
		C246FA8B24591D0A00074DEB /* err_code.h */ = {isa = PBXFileReference; fileEncoding = 4; lastKnownFileType = sourcecode.c.h; path = err_code.h; sourceTree = "<group>"; };
		C246FA8C24591D0A00074DEB /* acorr.cl */ = {isa = PBXFileReference; fileEncoding = 4; lastKnownFileType = sourcecode.opencl; path = acorr.cl; sourceTree = "<group>"; };
		C246FA8D24591D0A00074DEB /* device_picker.hpp */ = {isa = PBXFileReference; fileEncoding = 4; lastKnownFileType = sourcecode.cpp.h; path = device_picker.hpp; sourceTree = "<group>"; };
		C246FA9124591DA100074DEB /* cl.hpp */ = {isa = PBXFileReference; fileEncoding = 4; lastKnownFileType = sourcecode.cpp.h; path = cl.hpp; sourceTree = "<group>"; };
/* End PBXFileReference section */

/* Begin PBXFrameworksBuildPhase section */
		C246FA7A24591BCC00074DEB /* Frameworks */ = {
			isa = PBXFrameworksBuildPhase;
			buildActionMask = 2147483647;
			files = (
			);
			runOnlyForDeploymentPostprocessing = 0;
		};
/* End PBXFrameworksBuildPhase section */

/* Begin PBXGroup section */
		C246FA7424591BCC00074DEB = {
			isa = PBXGroup;
			children = (
				C246FA7F24591BCC00074DEB /* AutoCorrelatioinBench */,
				C246FA7E24591BCC00074DEB /* Products */,
			);
			sourceTree = "<group>";
		};
		C246FA7E24591BCC00074DEB /* Products */ = {
			isa = PBXGroup;
			children = (
				C246FA7D24591BCC00074DEB /* AutoCorrelatioinBench */,
			);
			name = Products;
			sourceTree = "<group>";
		};
		C246FA7F24591BCC00074DEB /* AutoCorrelatioinBench */ = {
			isa = PBXGroup;
			children = (
				C246FA9124591DA100074DEB /* cl.hpp */,
				C246FA8C24591D0A00074DEB /* acorr.cl */,
				C246FA8824591D0900074DEB /* acorr.cpp */,
				C246FA8724591D0900074DEB /* CMakeLists.txt */,
				C246FA8D24591D0A00074DEB /* device_picker.hpp */,
				C246FA8B24591D0A00074DEB /* err_code.h */,
				C246FA8924591D0900074DEB /* util.hpp */,
				C246FA8A24591D0A00074DEB /* wtime.c */,
			);
			path = AutoCorrelatioinBench;
			sourceTree = "<group>";
		};
/* End PBXGroup section */

/* Begin PBXNativeTarget section */
		C246FA7C24591BCC00074DEB /* AutoCorrelatioinBench */ = {
			isa = PBXNativeTarget;
			buildConfigurationList = C246FA8424591BCC00074DEB /* Build configuration list for PBXNativeTarget "AutoCorrelatioinBench" */;
			buildPhases = (
				C246FA7924591BCC00074DEB /* Sources */,
				C246FA7A24591BCC00074DEB /* Frameworks */,
				C246FA7B24591BCC00074DEB /* CopyFiles */,
			);
			buildRules = (
			);
			dependencies = (
			);
			name = AutoCorrelatioinBench;
			productName = AutoCorrelatioinBench;
			productReference = C246FA7D24591BCC00074DEB /* AutoCorrelatioinBench */;
			productType = "com.apple.product-type.tool";
		};
/* End PBXNativeTarget section */

/* Begin PBXProject section */
		C246FA7524591BCC00074DEB /* Project object */ = {
			isa = PBXProject;
			attributes = {
				LastUpgradeCheck = 1120;
				ORGANIZATIONNAME = "Nobuhiro Kuroiwa";
				TargetAttributes = {
					C246FA7C24591BCC00074DEB = {
						CreatedOnToolsVersion = 11.2.1;
					};
				};
			};
			buildConfigurationList = C246FA7824591BCC00074DEB /* Build configuration list for PBXProject "AutoCorrelatioinBench" */;
			compatibilityVersion = "Xcode 9.3";
			developmentRegion = en;
			hasScannedForEncodings = 0;
			knownRegions = (
				en,
				Base,
			);
			mainGroup = C246FA7424591BCC00074DEB;
			productRefGroup = C246FA7E24591BCC00074DEB /* Products */;
			projectDirPath = "";
			projectRoot = "";
			targets = (
				C246FA7C24591BCC00074DEB /* AutoCorrelatioinBench */,
			);
		};
/* End PBXProject section */

/* Begin PBXSourcesBuildPhase section */
		C246FA7924591BCC00074DEB /* Sources */ = {
			isa = PBXSourcesBuildPhase;
			buildActionMask = 2147483647;
			files = (
				C246FA9024591D0A00074DEB /* acorr.cl in Sources */,
				C246FA8F24591D0A00074DEB /* wtime.c in Sources */,
				C246FA8E24591D0A00074DEB /* acorr.cpp in Sources */,
			);
			runOnlyForDeploymentPostprocessing = 0;
		};
/* End PBXSourcesBuildPhase section */

/* Begin XCBuildConfiguration section */
		C246FA8224591BCC00074DEB /* Debug */ = {
			isa = XCBuildConfiguration;
			buildSettings = {
				ALWAYS_SEARCH_USER_PATHS = NO;
				CLANG_ANALYZER_NONNULL = YES;
				CLANG_ANALYZER_NUMBER_OBJECT_CONVERSION = YES_AGGRESSIVE;
				CLANG_CXX_LANGUAGE_STANDARD = "gnu++14";
				CLANG_CXX_LIBRARY = "libc++";
				CLANG_ENABLE_MODULES = YES;
				CLANG_ENABLE_OBJC_ARC = YES;
				CLANG_ENABLE_OBJC_WEAK = YES;
				CLANG_WARN_BLOCK_CAPTURE_AUTORELEASING = YES;
				CLANG_WARN_BOOL_CONVERSION = YES;
				CLANG_WARN_COMMA = YES;
				CLANG_WARN_CONSTANT_CONVERSION = YES;
				CLANG_WARN_DEPRECATED_OBJC_IMPLEMENTATIONS = YES;
				CLANG_WARN_DIRECT_OBJC_ISA_USAGE = YES_ERROR;
				CLANG_WARN_DOCUMENTATION_COMMENTS = YES;
				CLANG_WARN_EMPTY_BODY = YES;
				CLANG_WARN_ENUM_CONVERSION = YES;
				CLANG_WARN_INFINITE_RECURSION = YES;
				CLANG_WARN_INT_CONVERSION = YES;
				CLANG_WARN_NON_LITERAL_NULL_CONVERSION = YES;
				CLANG_WARN_OBJC_IMPLICIT_RETAIN_SELF = YES;
				CLANG_WARN_OBJC_LITERAL_CONVERSION = YES;
				CLANG_WARN_OBJC_ROOT_CLASS = YES_ERROR;
				CLANG_WARN_RANGE_LOOP_ANALYSIS = YES;
				CLANG_WARN_STRICT_PROTOTYPES = YES;
				CLANG_WARN_SUSPICIOUS_MOVE = YES;
				CLANG_WARN_UNGUARDED_AVAILABILITY = YES_AGGRESSIVE;
				CLANG_WARN_UNREACHABLE_CODE = YES;
				CLANG_WARN__DUPLICATE_METHOD_MATCH = YES;
				COPY_PHASE_STRIP = NO;
				DEBUG_INFORMATION_FORMAT = dwarf;
				ENABLE_STRICT_OBJC_MSGSEND = YES;
				ENABLE_TESTABILITY = YES;
				GCC_C_LANGUAGE_STANDARD = gnu11;
				GCC_DYNAMIC_NO_PIC = NO;
				GCC_NO_COMMON_BLOCKS = YES;
				GCC_OPTIMIZATION_LEVEL = 0;
				GCC_PREPROCESSOR_DEFINITIONS = (
					"DEBUG=1",
					"$(inherited)",
				);
				GCC_WARN_64_TO_32_BIT_CONVERSION = YES;
				GCC_WARN_ABOUT_RETURN_TYPE = YES_ERROR;
				GCC_WARN_UNDECLARED_SELECTOR = YES;
				GCC_WARN_UNINITIALIZED_AUTOS = YES_AGGRESSIVE;
				GCC_WARN_UNUSED_FUNCTION = YES;
				GCC_WARN_UNUSED_VARIABLE = YES;
				MACOSX_DEPLOYMENT_TARGET = 10.15;
				MTL_ENABLE_DEBUG_INFO = INCLUDE_SOURCE;
				MTL_FAST_MATH = YES;
				ONLY_ACTIVE_ARCH = YES;
				SDKROOT = macosx;
			};
			name = Debug;
		};
		C246FA8324591BCC00074DEB /* Release */ = {
			isa = XCBuildConfiguration;
			buildSettings = {
				ALWAYS_SEARCH_USER_PATHS = NO;
				CLANG_ANALYZER_NONNULL = YES;
				CLANG_ANALYZER_NUMBER_OBJECT_CONVERSION = YES_AGGRESSIVE;
				CLANG_CXX_LANGUAGE_STANDARD = "gnu++14";
				CLANG_CXX_LIBRARY = "libc++";
				CLANG_ENABLE_MODULES = YES;
				CLANG_ENABLE_OBJC_ARC = YES;
				CLANG_ENABLE_OBJC_WEAK = YES;
				CLANG_WARN_BLOCK_CAPTURE_AUTORELEASING = YES;
				CLANG_WARN_BOOL_CONVERSION = YES;
				CLANG_WARN_COMMA = YES;
				CLANG_WARN_CONSTANT_CONVERSION = YES;
				CLANG_WARN_DEPRECATED_OBJC_IMPLEMENTATIONS = YES;
				CLANG_WARN_DIRECT_OBJC_ISA_USAGE = YES_ERROR;
				CLANG_WARN_DOCUMENTATION_COMMENTS = YES;
				CLANG_WARN_EMPTY_BODY = YES;
				CLANG_WARN_ENUM_CONVERSION = YES;
				CLANG_WARN_INFINITE_RECURSION = YES;
				CLANG_WARN_INT_CONVERSION = YES;
				CLANG_WARN_NON_LITERAL_NULL_CONVERSION = YES;
				CLANG_WARN_OBJC_IMPLICIT_RETAIN_SELF = YES;
				CLANG_WARN_OBJC_LITERAL_CONVERSION = YES;
				CLANG_WARN_OBJC_ROOT_CLASS = YES_ERROR;
				CLANG_WARN_RANGE_LOOP_ANALYSIS = YES;
				CLANG_WARN_STRICT_PROTOTYPES = YES;
				CLANG_WARN_SUSPICIOUS_MOVE = YES;
				CLANG_WARN_UNGUARDED_AVAILABILITY = YES_AGGRESSIVE;
				CLANG_WARN_UNREACHABLE_CODE = YES;
				CLANG_WARN__DUPLICATE_METHOD_MATCH = YES;
				COPY_PHASE_STRIP = NO;
				DEBUG_INFORMATION_FORMAT = "dwarf-with-dsym";
				ENABLE_NS_ASSERTIONS = NO;
				ENABLE_STRICT_OBJC_MSGSEND = YES;
				GCC_C_LANGUAGE_STANDARD = gnu11;
				GCC_NO_COMMON_BLOCKS = YES;
				GCC_WARN_64_TO_32_BIT_CONVERSION = YES;
				GCC_WARN_ABOUT_RETURN_TYPE = YES_ERROR;
				GCC_WARN_UNDECLARED_SELECTOR = YES;
				GCC_WARN_UNINITIALIZED_AUTOS = YES_AGGRESSIVE;
				GCC_WARN_UNUSED_FUNCTION = YES;
				GCC_WARN_UNUSED_VARIABLE = YES;
				MACOSX_DEPLOYMENT_TARGET = 10.15;
				MTL_ENABLE_DEBUG_INFO = NO;
				MTL_FAST_MATH = YES;
				SDKROOT = macosx;
			};
			name = Release;
		};
		C246FA8524591BCC00074DEB /* Debug */ = {
			isa = XCBuildConfiguration;
			buildSettings = {
				CODE_SIGN_STYLE = Automatic;
				PRODUCT_NAME = "$(TARGET_NAME)";
			};
			name = Debug;
		};
		C246FA8624591BCC00074DEB /* Release */ = {
			isa = XCBuildConfiguration;
			buildSettings = {
				CODE_SIGN_STYLE = Automatic;
				PRODUCT_NAME = "$(TARGET_NAME)";
			};
			name = Release;
		};
/* End XCBuildConfiguration section */

/* Begin XCConfigurationList section */
		C246FA7824591BCC00074DEB /* Build configuration list for PBXProject "AutoCorrelatioinBench" */ = {
			isa = XCConfigurationList;
			buildConfigurations = (
				C246FA8224591BCC00074DEB /* Debug */,
				C246FA8324591BCC00074DEB /* Release */,
			);
			defaultConfigurationIsVisible = 0;
			defaultConfigurationName = Release;
		};
		C246FA8424591BCC00074DEB /* Build configuration list for PBXNativeTarget "AutoCorrelatioinBench" */ = {
			isa = XCConfigurationList;
			buildConfigurations = (
				C246FA8524591BCC00074DEB /* Debug */,
				C246FA8624591BCC00074DEB /* Release */,
			);
			defaultConfigurationIsVisible = 0;
			defaultConfigurationName = Release;
		};
/* End XCConfigurationList section */
	};
	rootObject = C246FA7524591BCC00074DEB /* Project object */;
}
